// !$*UTF8*$!
{
	archiveVersion = 1;
	classes = {
	};
	objectVersion = 46;
	objects = {

/* Begin PBXBuildFile section */
		164B35D11AF79043004416D1 /* GameKit.framework in Frameworks */ = {isa = PBXBuildFile; fileRef = 164B35D01AF79043004416D1 /* GameKit.framework */; };
		164B35D41AF790B5004416D1 /* GameKitHelper.m in Sources */ = {isa = PBXBuildFile; fileRef = 164B35D31AF790B5004416D1 /* GameKitHelper.m */; };
		1660D18E1AF7DAA500F4DCD0 /* iAd.framework in Frameworks */ = {isa = PBXBuildFile; fileRef = 1660D18D1AF7DAA500F4DCD0 /* iAd.framework */; };
		1660D1931AF7DDFA00F4DCD0 /* wobbles.regular.ttf in Resources */ = {isa = PBXBuildFile; fileRef = 1660D1921AF7DDFA00F4DCD0 /* wobbles.regular.ttf */; };
		1660D1951AF7DF7900F4DCD0 /* WOBBLES_.ttf in Resources */ = {isa = PBXBuildFile; fileRef = 1660D1941AF7DF7900F4DCD0 /* WOBBLES_.ttf */; };
		169A5E001AF4F97700704CA6 /* midGround1@2x~iphone.png in Resources */ = {isa = PBXBuildFile; fileRef = 169A5DFE1AF4F97700704CA6 /* midGround1@2x~iphone.png */; };
		169A5E011AF4F97700704CA6 /* midGround2@2x~iphone.png in Resources */ = {isa = PBXBuildFile; fileRef = 169A5DFF1AF4F97700704CA6 /* midGround2@2x~iphone.png */; };
		169A5E051AF4FB4200704CA6 /* foreGround1@2x~iphone.png in Resources */ = {isa = PBXBuildFile; fileRef = 169A5E031AF4FB4200704CA6 /* foreGround1@2x~iphone.png */; };
		169A5E061AF4FB4200704CA6 /* foreGround2@2x~iphone.png in Resources */ = {isa = PBXBuildFile; fileRef = 169A5E041AF4FB4200704CA6 /* foreGround2@2x~iphone.png */; };
		169A5E091AF50BAF00704CA6 /* floor1@2x~iphone.png in Resources */ = {isa = PBXBuildFile; fileRef = 169A5E071AF50BAF00704CA6 /* floor1@2x~iphone.png */; };
		169A5E0A1AF50BAF00704CA6 /* floor2@2x~iphone.png in Resources */ = {isa = PBXBuildFile; fileRef = 169A5E081AF50BAF00704CA6 /* floor2@2x~iphone.png */; };
		169A5E0C1AF510DE00704CA6 /* block1@2x~iphone.png in Resources */ = {isa = PBXBuildFile; fileRef = 169A5E0B1AF510DE00704CA6 /* block1@2x~iphone.png */; };
		169CE9C11AF4E39D00FC5EFF /* main.m in Sources */ = {isa = PBXBuildFile; fileRef = 169CE9C01AF4E39D00FC5EFF /* main.m */; };
		169CE9C41AF4E39D00FC5EFF /* AppDelegate.m in Sources */ = {isa = PBXBuildFile; fileRef = 169CE9C31AF4E39D00FC5EFF /* AppDelegate.m */; };
		169CE9C71AF4E39D00FC5EFF /* GameScene.m in Sources */ = {isa = PBXBuildFile; fileRef = 169CE9C61AF4E39D00FC5EFF /* GameScene.m */; };
		169CE9CC1AF4E39D00FC5EFF /* GameViewController.m in Sources */ = {isa = PBXBuildFile; fileRef = 169CE9CB1AF4E39D00FC5EFF /* GameViewController.m */; };
		169CE9CF1AF4E39D00FC5EFF /* Main.storyboard in Resources */ = {isa = PBXBuildFile; fileRef = 169CE9CD1AF4E39D00FC5EFF /* Main.storyboard */; };
		169CE9D11AF4E39D00FC5EFF /* Images.xcassets in Resources */ = {isa = PBXBuildFile; fileRef = 169CE9D01AF4E39D00FC5EFF /* Images.xcassets */; };
		169CE9D41AF4E39D00FC5EFF /* LaunchScreen.xib in Resources */ = {isa = PBXBuildFile; fileRef = 169CE9D21AF4E39D00FC5EFF /* LaunchScreen.xib */; };
		169CE9E01AF4E39D00FC5EFF /* Toxic_TadpoleTests.m in Sources */ = {isa = PBXBuildFile; fileRef = 169CE9DF1AF4E39D00FC5EFF /* Toxic_TadpoleTests.m */; };
		169CE9FC1AF4E4E100FC5EFF /* LaunchScreen.xib in Resources */ = {isa = PBXBuildFile; fileRef = 169CE9EB1AF4E4E100FC5EFF /* LaunchScreen.xib */; };
		169CE9FD1AF4E4E100FC5EFF /* Main.storyboard in Resources */ = {isa = PBXBuildFile; fileRef = 169CE9ED1AF4E4E100FC5EFF /* Main.storyboard */; };
		169CE9FE1AF4E4E100FC5EFF /* block1@2x~ipad.png in Resources */ = {isa = PBXBuildFile; fileRef = 169CE9EF1AF4E4E100FC5EFF /* block1@2x~ipad.png */; };
		169CEA061AF4E4E100FC5EFF /* floor@2x~ipad.png in Resources */ = {isa = PBXBuildFile; fileRef = 169CE9F71AF4E4E100FC5EFF /* floor@2x~ipad.png */; };
		169CEA081AF4E4E100FC5EFF /* GameEnd.m in Sources */ = {isa = PBXBuildFile; fileRef = 169CE9FA1AF4E4E100FC5EFF /* GameEnd.m */; };
		169CEA111AF4E4F400FC5EFF /* player@2x~ipad.png in Resources */ = {isa = PBXBuildFile; fileRef = 169CEA0A1AF4E4F400FC5EFF /* player@2x~ipad.png */; };
		169CEA121AF4E4F400FC5EFF /* player@2x~iphone.png in Resources */ = {isa = PBXBuildFile; fileRef = 169CEA0B1AF4E4F400FC5EFF /* player@2x~iphone.png */; };
		169CEA131AF4E4F400FC5EFF /* reverse@2x~ipad.png in Resources */ = {isa = PBXBuildFile; fileRef = 169CEA0C1AF4E4F400FC5EFF /* reverse@2x~ipad.png */; };
		169CEA141AF4E4F400FC5EFF /* reverse@2x~iphone.png in Resources */ = {isa = PBXBuildFile; fileRef = 169CEA0D1AF4E4F400FC5EFF /* reverse@2x~iphone.png */; };
		169CEA151AF4E4F400FC5EFF /* roof@2x~ipad.png in Resources */ = {isa = PBXBuildFile; fileRef = 169CEA0E1AF4E4F400FC5EFF /* roof@2x~ipad.png */; };
		169CEA191AF4EB8500FC5EFF /* backGround1@2x~iphone.png in Resources */ = {isa = PBXBuildFile; fileRef = 169CEA171AF4EB8500FC5EFF /* backGround1@2x~iphone.png */; };
		169CEA1A1AF4EB8500FC5EFF /* backGround2@2x~iphone.png in Resources */ = {isa = PBXBuildFile; fileRef = 169CEA181AF4EB8500FC5EFF /* backGround2@2x~iphone.png */; };
		169E26181AFAAA5200400C9E /* menuTadpole@2x~iphone.png in Resources */ = {isa = PBXBuildFile; fileRef = 169E26161AFAAA5200400C9E /* menuTadpole@2x~iphone.png */; };
		169E26191AFAAA5200400C9E /* name@2x~iphone.png in Resources */ = {isa = PBXBuildFile; fileRef = 169E26171AFAAA5200400C9E /* name@2x~iphone.png */; };
		169E261C1AFAAB4D00400C9E /* gameCenter@2x~iphone.png in Resources */ = {isa = PBXBuildFile; fileRef = 169E261A1AFAAB4D00400C9E /* gameCenter@2x~iphone.png */; };
		169E261D1AFAAB4D00400C9E /* play@2x~iphone.png in Resources */ = {isa = PBXBuildFile; fileRef = 169E261B1AFAAB4D00400C9E /* play@2x~iphone.png */; };
		169E261F1AFAAEE600400C9E /* barrel@2x~iphone.png in Resources */ = {isa = PBXBuildFile; fileRef = 169E261E1AFAAEE600400C9E /* barrel@2x~iphone.png */; };
/* End PBXBuildFile section */

/* Begin PBXContainerItemProxy section */
		169CE9DA1AF4E39D00FC5EFF /* PBXContainerItemProxy */ = {
			isa = PBXContainerItemProxy;
			containerPortal = 169CE9B31AF4E39D00FC5EFF /* Project object */;
			proxyType = 1;
			remoteGlobalIDString = 169CE9BA1AF4E39D00FC5EFF;
			remoteInfo = "Toxic Tadpole";
		};
/* End PBXContainerItemProxy section */

/* Begin PBXFileReference section */
		164B35D01AF79043004416D1 /* GameKit.framework */ = {isa = PBXFileReference; lastKnownFileType = wrapper.framework; name = GameKit.framework; path = System/Library/Frameworks/GameKit.framework; sourceTree = SDKROOT; };
		164B35D21AF790B5004416D1 /* GameKitHelper.h */ = {isa = PBXFileReference; fileEncoding = 4; lastKnownFileType = sourcecode.c.h; path = GameKitHelper.h; sourceTree = "<group>"; };
		164B35D31AF790B5004416D1 /* GameKitHelper.m */ = {isa = PBXFileReference; fileEncoding = 4; lastKnownFileType = sourcecode.c.objc; path = GameKitHelper.m; sourceTree = "<group>"; };
		1660D18D1AF7DAA500F4DCD0 /* iAd.framework */ = {isa = PBXFileReference; lastKnownFileType = wrapper.framework; name = iAd.framework; path = System/Library/Frameworks/iAd.framework; sourceTree = SDKROOT; };
		1660D1921AF7DDFA00F4DCD0 /* wobbles.regular.ttf */ = {isa = PBXFileReference; lastKnownFileType = file; path = wobbles.regular.ttf; sourceTree = "<group>"; };
		1660D1941AF7DF7900F4DCD0 /* WOBBLES_.ttf */ = {isa = PBXFileReference; lastKnownFileType = file; path = WOBBLES_.ttf; sourceTree = "<group>"; };
		169A5DFE1AF4F97700704CA6 /* midGround1@2x~iphone.png */ = {isa = PBXFileReference; lastKnownFileType = image.png; path = "midGround1@2x~iphone.png"; sourceTree = "<group>"; };
		169A5DFF1AF4F97700704CA6 /* midGround2@2x~iphone.png */ = {isa = PBXFileReference; lastKnownFileType = image.png; path = "midGround2@2x~iphone.png"; sourceTree = "<group>"; };
		169A5E031AF4FB4200704CA6 /* foreGround1@2x~iphone.png */ = {isa = PBXFileReference; lastKnownFileType = image.png; path = "foreGround1@2x~iphone.png"; sourceTree = "<group>"; };
		169A5E041AF4FB4200704CA6 /* foreGround2@2x~iphone.png */ = {isa = PBXFileReference; lastKnownFileType = image.png; path = "foreGround2@2x~iphone.png"; sourceTree = "<group>"; };
		169A5E071AF50BAF00704CA6 /* floor1@2x~iphone.png */ = {isa = PBXFileReference; lastKnownFileType = image.png; path = "floor1@2x~iphone.png"; sourceTree = "<group>"; };
		169A5E081AF50BAF00704CA6 /* floor2@2x~iphone.png */ = {isa = PBXFileReference; lastKnownFileType = image.png; path = "floor2@2x~iphone.png"; sourceTree = "<group>"; };
		169A5E0B1AF510DE00704CA6 /* block1@2x~iphone.png */ = {isa = PBXFileReference; lastKnownFileType = image.png; path = "block1@2x~iphone.png"; sourceTree = "<group>"; };
		169CE9BB1AF4E39D00FC5EFF /* Toxic Tadpole.app */ = {isa = PBXFileReference; explicitFileType = wrapper.application; includeInIndex = 0; path = "Toxic Tadpole.app"; sourceTree = BUILT_PRODUCTS_DIR; };
		169CE9BF1AF4E39D00FC5EFF /* Info.plist */ = {isa = PBXFileReference; lastKnownFileType = text.plist.xml; path = Info.plist; sourceTree = "<group>"; };
		169CE9C01AF4E39D00FC5EFF /* main.m */ = {isa = PBXFileReference; lastKnownFileType = sourcecode.c.objc; path = main.m; sourceTree = "<group>"; };
		169CE9C21AF4E39D00FC5EFF /* AppDelegate.h */ = {isa = PBXFileReference; lastKnownFileType = sourcecode.c.h; path = AppDelegate.h; sourceTree = "<group>"; };
		169CE9C31AF4E39D00FC5EFF /* AppDelegate.m */ = {isa = PBXFileReference; lastKnownFileType = sourcecode.c.objc; path = AppDelegate.m; sourceTree = "<group>"; };
		169CE9C51AF4E39D00FC5EFF /* GameScene.h */ = {isa = PBXFileReference; lastKnownFileType = sourcecode.c.h; path = GameScene.h; sourceTree = "<group>"; };
		169CE9C61AF4E39D00FC5EFF /* GameScene.m */ = {isa = PBXFileReference; lastKnownFileType = sourcecode.c.objc; path = GameScene.m; sourceTree = "<group>"; };
		169CE9CA1AF4E39D00FC5EFF /* GameViewController.h */ = {isa = PBXFileReference; lastKnownFileType = sourcecode.c.h; path = GameViewController.h; sourceTree = "<group>"; };
		169CE9CB1AF4E39D00FC5EFF /* GameViewController.m */ = {isa = PBXFileReference; lastKnownFileType = sourcecode.c.objc; path = GameViewController.m; sourceTree = "<group>"; };
		169CE9CE1AF4E39D00FC5EFF /* Base */ = {isa = PBXFileReference; lastKnownFileType = file.storyboard; name = Base; path = Base.lproj/Main.storyboard; sourceTree = "<group>"; };
		169CE9D01AF4E39D00FC5EFF /* Images.xcassets */ = {isa = PBXFileReference; lastKnownFileType = folder.assetcatalog; path = Images.xcassets; sourceTree = "<group>"; };
		169CE9D31AF4E39D00FC5EFF /* Base */ = {isa = PBXFileReference; lastKnownFileType = file.xib; name = Base; path = Base.lproj/LaunchScreen.xib; sourceTree = "<group>"; };
		169CE9D91AF4E39D00FC5EFF /* Toxic TadpoleTests.xctest */ = {isa = PBXFileReference; explicitFileType = wrapper.cfbundle; includeInIndex = 0; path = "Toxic TadpoleTests.xctest"; sourceTree = BUILT_PRODUCTS_DIR; };
		169CE9DE1AF4E39D00FC5EFF /* Info.plist */ = {isa = PBXFileReference; lastKnownFileType = text.plist.xml; path = Info.plist; sourceTree = "<group>"; };
		169CE9DF1AF4E39D00FC5EFF /* Toxic_TadpoleTests.m */ = {isa = PBXFileReference; lastKnownFileType = sourcecode.c.objc; path = Toxic_TadpoleTests.m; sourceTree = "<group>"; };
		169CE9EC1AF4E4E100FC5EFF /* Base */ = {isa = PBXFileReference; lastKnownFileType = file.xib; name = Base; path = LaunchScreen.xib; sourceTree = "<group>"; };
		169CE9EE1AF4E4E100FC5EFF /* Base */ = {isa = PBXFileReference; lastKnownFileType = file.storyboard; name = Base; path = Main.storyboard; sourceTree = "<group>"; };
		169CE9EF1AF4E4E100FC5EFF /* block1@2x~ipad.png */ = {isa = PBXFileReference; lastKnownFileType = image.png; path = "block1@2x~ipad.png"; sourceTree = "<group>"; };
		169CE9F71AF4E4E100FC5EFF /* floor@2x~ipad.png */ = {isa = PBXFileReference; lastKnownFileType = image.png; path = "floor@2x~ipad.png"; sourceTree = "<group>"; };
		169CE9F91AF4E4E100FC5EFF /* GameEnd.h */ = {isa = PBXFileReference; fileEncoding = 4; lastKnownFileType = sourcecode.c.h; path = GameEnd.h; sourceTree = "<group>"; };
		169CE9FA1AF4E4E100FC5EFF /* GameEnd.m */ = {isa = PBXFileReference; fileEncoding = 4; lastKnownFileType = sourcecode.c.objc; path = GameEnd.m; sourceTree = "<group>"; };
		169CEA0A1AF4E4F400FC5EFF /* player@2x~ipad.png */ = {isa = PBXFileReference; lastKnownFileType = image.png; path = "player@2x~ipad.png"; sourceTree = "<group>"; };
		169CEA0B1AF4E4F400FC5EFF /* player@2x~iphone.png */ = {isa = PBXFileReference; lastKnownFileType = image.png; path = "player@2x~iphone.png"; sourceTree = "<group>"; };
		169CEA0C1AF4E4F400FC5EFF /* reverse@2x~ipad.png */ = {isa = PBXFileReference; lastKnownFileType = image.png; path = "reverse@2x~ipad.png"; sourceTree = "<group>"; };
		169CEA0D1AF4E4F400FC5EFF /* reverse@2x~iphone.png */ = {isa = PBXFileReference; lastKnownFileType = image.png; path = "reverse@2x~iphone.png"; sourceTree = "<group>"; };
		169CEA0E1AF4E4F400FC5EFF /* roof@2x~ipad.png */ = {isa = PBXFileReference; lastKnownFileType = image.png; path = "roof@2x~ipad.png"; sourceTree = "<group>"; };
		169CEA171AF4EB8500FC5EFF /* backGround1@2x~iphone.png */ = {isa = PBXFileReference; lastKnownFileType = image.png; path = "backGround1@2x~iphone.png"; sourceTree = "<group>"; };
		169CEA181AF4EB8500FC5EFF /* backGround2@2x~iphone.png */ = {isa = PBXFileReference; lastKnownFileType = image.png; path = "backGround2@2x~iphone.png"; sourceTree = "<group>"; };
		169E26161AFAAA5200400C9E /* menuTadpole@2x~iphone.png */ = {isa = PBXFileReference; lastKnownFileType = image.png; path = "menuTadpole@2x~iphone.png"; sourceTree = "<group>"; };
		169E26171AFAAA5200400C9E /* name@2x~iphone.png */ = {isa = PBXFileReference; lastKnownFileType = image.png; path = "name@2x~iphone.png"; sourceTree = "<group>"; };
		169E261A1AFAAB4D00400C9E /* gameCenter@2x~iphone.png */ = {isa = PBXFileReference; lastKnownFileType = image.png; path = "gameCenter@2x~iphone.png"; sourceTree = "<group>"; };
		169E261B1AFAAB4D00400C9E /* play@2x~iphone.png */ = {isa = PBXFileReference; lastKnownFileType = image.png; path = "play@2x~iphone.png"; sourceTree = "<group>"; };
		169E261E1AFAAEE600400C9E /* barrel@2x~iphone.png */ = {isa = PBXFileReference; lastKnownFileType = image.png; path = "barrel@2x~iphone.png"; sourceTree = "<group>"; };
/* End PBXFileReference section */

/* Begin PBXFrameworksBuildPhase section */
		169CE9B81AF4E39D00FC5EFF /* Frameworks */ = {
			isa = PBXFrameworksBuildPhase;
			buildActionMask = 2147483647;
			files = (
				1660D18E1AF7DAA500F4DCD0 /* iAd.framework in Frameworks */,
				164B35D11AF79043004416D1 /* GameKit.framework in Frameworks */,
			);
			runOnlyForDeploymentPostprocessing = 0;
		};
		169CE9D61AF4E39D00FC5EFF /* Frameworks */ = {
			isa = PBXFrameworksBuildPhase;
			buildActionMask = 2147483647;
			files = (
			);
			runOnlyForDeploymentPostprocessing = 0;
		};
/* End PBXFrameworksBuildPhase section */

/* Begin PBXGroup section */
		163265DC1AFC8908001906D9 /* IPAD_ART */ = {
			isa = PBXGroup;
			children = (
				169CEA0A1AF4E4F400FC5EFF /* player@2x~ipad.png */,
				169CEA0C1AF4E4F400FC5EFF /* reverse@2x~ipad.png */,
				169CEA0E1AF4E4F400FC5EFF /* roof@2x~ipad.png */,
				169CE9EF1AF4E4E100FC5EFF /* block1@2x~ipad.png */,
				169CE9F71AF4E4E100FC5EFF /* floor@2x~ipad.png */,
			);
			name = IPAD_ART;
			sourceTree = "<group>";
		};
		169A5E021AF4FA0600704CA6 /* IPHONE_ART */ = {
			isa = PBXGroup;
			children = (
				169E261E1AFAAEE600400C9E /* barrel@2x~iphone.png */,
				169E261A1AFAAB4D00400C9E /* gameCenter@2x~iphone.png */,
				169E261B1AFAAB4D00400C9E /* play@2x~iphone.png */,
				169E26161AFAAA5200400C9E /* menuTadpole@2x~iphone.png */,
				169E26171AFAAA5200400C9E /* name@2x~iphone.png */,
				169A5E0B1AF510DE00704CA6 /* block1@2x~iphone.png */,
				169A5E071AF50BAF00704CA6 /* floor1@2x~iphone.png */,
				169A5E081AF50BAF00704CA6 /* floor2@2x~iphone.png */,
				169A5E031AF4FB4200704CA6 /* foreGround1@2x~iphone.png */,
				169A5E041AF4FB4200704CA6 /* foreGround2@2x~iphone.png */,
				169A5DFE1AF4F97700704CA6 /* midGround1@2x~iphone.png */,
				169A5DFF1AF4F97700704CA6 /* midGround2@2x~iphone.png */,
				169CEA171AF4EB8500FC5EFF /* backGround1@2x~iphone.png */,
				169CEA181AF4EB8500FC5EFF /* backGround2@2x~iphone.png */,
				169CEA0B1AF4E4F400FC5EFF /* player@2x~iphone.png */,
				169CEA0D1AF4E4F400FC5EFF /* reverse@2x~iphone.png */,
			);
			name = IPHONE_ART;
			sourceTree = "<group>";
		};
		169CE9B21AF4E39D00FC5EFF = {
			isa = PBXGroup;
			children = (
				1660D18D1AF7DAA500F4DCD0 /* iAd.framework */,
				164B35D01AF79043004416D1 /* GameKit.framework */,
				169CE9BD1AF4E39D00FC5EFF /* Toxic Tadpole */,
				169CE9DC1AF4E39D00FC5EFF /* Toxic TadpoleTests */,
				169CE9BC1AF4E39D00FC5EFF /* Products */,
			);
			sourceTree = "<group>";
		};
		169CE9BC1AF4E39D00FC5EFF /* Products */ = {
			isa = PBXGroup;
			children = (
				169CE9BB1AF4E39D00FC5EFF /* Toxic Tadpole.app */,
				169CE9D91AF4E39D00FC5EFF /* Toxic TadpoleTests.xctest */,
			);
			name = Products;
			sourceTree = "<group>";
		};
		169CE9BD1AF4E39D00FC5EFF /* Toxic Tadpole */ = {
			isa = PBXGroup;
			children = (
				163265DC1AFC8908001906D9 /* IPAD_ART */,
				164B35D21AF790B5004416D1 /* GameKitHelper.h */,
				164B35D31AF790B5004416D1 /* GameKitHelper.m */,
				169A5E021AF4FA0600704CA6 /* IPHONE_ART */,
				169CE9EA1AF4E4E100FC5EFF /* Base.lproj */,
				169CE9F91AF4E4E100FC5EFF /* GameEnd.h */,
				169CE9FA1AF4E4E100FC5EFF /* GameEnd.m */,
				169CE9C21AF4E39D00FC5EFF /* AppDelegate.h */,
				169CE9C31AF4E39D00FC5EFF /* AppDelegate.m */,
				169CE9C51AF4E39D00FC5EFF /* GameScene.h */,
				169CE9C61AF4E39D00FC5EFF /* GameScene.m */,
				169CE9CA1AF4E39D00FC5EFF /* GameViewController.h */,
				169CE9CB1AF4E39D00FC5EFF /* GameViewController.m */,
				169CE9CD1AF4E39D00FC5EFF /* Main.storyboard */,
				169CE9D01AF4E39D00FC5EFF /* Images.xcassets */,
				169CE9D21AF4E39D00FC5EFF /* LaunchScreen.xib */,
				169CE9BE1AF4E39D00FC5EFF /* Supporting Files */,
			);
			path = "Toxic Tadpole";
			sourceTree = "<group>";
		};
		169CE9BE1AF4E39D00FC5EFF /* Supporting Files */ = {
			isa = PBXGroup;
			children = (
				1660D1941AF7DF7900F4DCD0 /* WOBBLES_.ttf */,
				1660D1921AF7DDFA00F4DCD0 /* wobbles.regular.ttf */,
				169CE9BF1AF4E39D00FC5EFF /* Info.plist */,
				169CE9C01AF4E39D00FC5EFF /* main.m */,
			);
			name = "Supporting Files";
			sourceTree = "<group>";
		};
		169CE9DC1AF4E39D00FC5EFF /* Toxic TadpoleTests */ = {
			isa = PBXGroup;
			children = (
				169CE9DF1AF4E39D00FC5EFF /* Toxic_TadpoleTests.m */,
				169CE9DD1AF4E39D00FC5EFF /* Supporting Files */,
			);
			path = "Toxic TadpoleTests";
			sourceTree = "<group>";
		};
		169CE9DD1AF4E39D00FC5EFF /* Supporting Files */ = {
			isa = PBXGroup;
			children = (
				169CE9DE1AF4E39D00FC5EFF /* Info.plist */,
			);
			name = "Supporting Files";
			sourceTree = "<group>";
		};
		169CE9EA1AF4E4E100FC5EFF /* Base.lproj */ = {
			isa = PBXGroup;
			children = (
				169CE9EB1AF4E4E100FC5EFF /* LaunchScreen.xib */,
				169CE9ED1AF4E4E100FC5EFF /* Main.storyboard */,
			);
			path = Base.lproj;
			sourceTree = "<group>";
		};
/* End PBXGroup section */

/* Begin PBXNativeTarget section */
		169CE9BA1AF4E39D00FC5EFF /* Toxic Tadpole */ = {
			isa = PBXNativeTarget;
			buildConfigurationList = 169CE9E31AF4E39D00FC5EFF /* Build configuration list for PBXNativeTarget "Toxic Tadpole" */;
			buildPhases = (
				169CE9B71AF4E39D00FC5EFF /* Sources */,
				169CE9B81AF4E39D00FC5EFF /* Frameworks */,
				169CE9B91AF4E39D00FC5EFF /* Resources */,
			);
			buildRules = (
			);
			dependencies = (
			);
			name = "Toxic Tadpole";
			productName = "Toxic Tadpole";
			productReference = 169CE9BB1AF4E39D00FC5EFF /* Toxic Tadpole.app */;
			productType = "com.apple.product-type.application";
		};
		169CE9D81AF4E39D00FC5EFF /* Toxic TadpoleTests */ = {
			isa = PBXNativeTarget;
			buildConfigurationList = 169CE9E61AF4E39D00FC5EFF /* Build configuration list for PBXNativeTarget "Toxic TadpoleTests" */;
			buildPhases = (
				169CE9D51AF4E39D00FC5EFF /* Sources */,
				169CE9D61AF4E39D00FC5EFF /* Frameworks */,
				169CE9D71AF4E39D00FC5EFF /* Resources */,
			);
			buildRules = (
			);
			dependencies = (
				169CE9DB1AF4E39D00FC5EFF /* PBXTargetDependency */,
			);
			name = "Toxic TadpoleTests";
			productName = "Toxic TadpoleTests";
			productReference = 169CE9D91AF4E39D00FC5EFF /* Toxic TadpoleTests.xctest */;
			productType = "com.apple.product-type.bundle.unit-test";
		};
/* End PBXNativeTarget section */

/* Begin PBXProject section */
		169CE9B31AF4E39D00FC5EFF /* Project object */ = {
			isa = PBXProject;
			attributes = {
				LastUpgradeCheck = 0630;
				ORGANIZATIONNAME = "Jacob Selmes";
				TargetAttributes = {
					169CE9BA1AF4E39D00FC5EFF = {
						CreatedOnToolsVersion = 6.3;
						DevelopmentTeam = ETJECC3MJE;
						SystemCapabilities = {
							com.apple.GameCenter = {
								enabled = 1;
							};
						};
					};
					169CE9D81AF4E39D00FC5EFF = {
						CreatedOnToolsVersion = 6.3;
						TestTargetID = 169CE9BA1AF4E39D00FC5EFF;
					};
				};
			};
			buildConfigurationList = 169CE9B61AF4E39D00FC5EFF /* Build configuration list for PBXProject "Toxic Tadpole" */;
			compatibilityVersion = "Xcode 3.2";
			developmentRegion = English;
			hasScannedForEncodings = 0;
			knownRegions = (
				en,
				Base,
			);
			mainGroup = 169CE9B21AF4E39D00FC5EFF;
			productRefGroup = 169CE9BC1AF4E39D00FC5EFF /* Products */;
			projectDirPath = "";
			projectRoot = "";
			targets = (
				169CE9BA1AF4E39D00FC5EFF /* Toxic Tadpole */,
				169CE9D81AF4E39D00FC5EFF /* Toxic TadpoleTests */,
			);
		};
/* End PBXProject section */

/* Begin PBXResourcesBuildPhase section */
		169CE9B91AF4E39D00FC5EFF /* Resources */ = {
			isa = PBXResourcesBuildPhase;
			buildActionMask = 2147483647;
			files = (
				169A5E0C1AF510DE00704CA6 /* block1@2x~iphone.png in Resources */,
				169E26191AFAAA5200400C9E /* name@2x~iphone.png in Resources */,
				169CEA131AF4E4F400FC5EFF /* reverse@2x~ipad.png in Resources */,
				169E261C1AFAAB4D00400C9E /* gameCenter@2x~iphone.png in Resources */,
				169A5E0A1AF50BAF00704CA6 /* floor2@2x~iphone.png in Resources */,
				169CEA111AF4E4F400FC5EFF /* player@2x~ipad.png in Resources */,
				169CE9FC1AF4E4E100FC5EFF /* LaunchScreen.xib in Resources */,
				169A5E051AF4FB4200704CA6 /* foreGround1@2x~iphone.png in Resources */,
				169CEA121AF4E4F400FC5EFF /* player@2x~iphone.png in Resources */,
				1660D1931AF7DDFA00F4DCD0 /* wobbles.regular.ttf in Resources */,
				169CE9D41AF4E39D00FC5EFF /* LaunchScreen.xib in Resources */,
				169E261D1AFAAB4D00400C9E /* play@2x~iphone.png in Resources */,
				169A5E061AF4FB4200704CA6 /* foreGround2@2x~iphone.png in Resources */,
				169CEA191AF4EB8500FC5EFF /* backGround1@2x~iphone.png in Resources */,
				169E261F1AFAAEE600400C9E /* barrel@2x~iphone.png in Resources */,
				169A5E001AF4F97700704CA6 /* midGround1@2x~iphone.png in Resources */,
				169CEA1A1AF4EB8500FC5EFF /* backGround2@2x~iphone.png in Resources */,
				169CE9D11AF4E39D00FC5EFF /* Images.xcassets in Resources */,
				169CEA061AF4E4E100FC5EFF /* floor@2x~ipad.png in Resources */,
				169CE9FD1AF4E4E100FC5EFF /* Main.storyboard in Resources */,
				169A5E091AF50BAF00704CA6 /* floor1@2x~iphone.png in Resources */,
				169CE9FE1AF4E4E100FC5EFF /* block1@2x~ipad.png in Resources */,
				169A5E011AF4F97700704CA6 /* midGround2@2x~iphone.png in Resources */,
				1660D1951AF7DF7900F4DCD0 /* WOBBLES_.ttf in Resources */,
				169CEA141AF4E4F400FC5EFF /* reverse@2x~iphone.png in Resources */,
				169E26181AFAAA5200400C9E /* menuTadpole@2x~iphone.png in Resources */,
				169CE9CF1AF4E39D00FC5EFF /* Main.storyboard in Resources */,
				169CEA151AF4E4F400FC5EFF /* roof@2x~ipad.png in Resources */,
			);
			runOnlyForDeploymentPostprocessing = 0;
		};
		169CE9D71AF4E39D00FC5EFF /* Resources */ = {
			isa = PBXResourcesBuildPhase;
			buildActionMask = 2147483647;
			files = (
			);
			runOnlyForDeploymentPostprocessing = 0;
		};
/* End PBXResourcesBuildPhase section */

/* Begin PBXSourcesBuildPhase section */
		169CE9B71AF4E39D00FC5EFF /* Sources */ = {
			isa = PBXSourcesBuildPhase;
			buildActionMask = 2147483647;
			files = (
				164B35D41AF790B5004416D1 /* GameKitHelper.m in Sources */,
				169CE9CC1AF4E39D00FC5EFF /* GameViewController.m in Sources */,
				169CE9C41AF4E39D00FC5EFF /* AppDelegate.m in Sources */,
				169CE9C71AF4E39D00FC5EFF /* GameScene.m in Sources */,
				169CEA081AF4E4E100FC5EFF /* GameEnd.m in Sources */,
				169CE9C11AF4E39D00FC5EFF /* main.m in Sources */,
			);
			runOnlyForDeploymentPostprocessing = 0;
		};
		169CE9D51AF4E39D00FC5EFF /* Sources */ = {
			isa = PBXSourcesBuildPhase;
			buildActionMask = 2147483647;
			files = (
				169CE9E01AF4E39D00FC5EFF /* Toxic_TadpoleTests.m in Sources */,
			);
			runOnlyForDeploymentPostprocessing = 0;
		};
/* End PBXSourcesBuildPhase section */

/* Begin PBXTargetDependency section */
		169CE9DB1AF4E39D00FC5EFF /* PBXTargetDependency */ = {
			isa = PBXTargetDependency;
			target = 169CE9BA1AF4E39D00FC5EFF /* Toxic Tadpole */;
			targetProxy = 169CE9DA1AF4E39D00FC5EFF /* PBXContainerItemProxy */;
		};
/* End PBXTargetDependency section */

/* Begin PBXVariantGroup section */
		169CE9CD1AF4E39D00FC5EFF /* Main.storyboard */ = {
			isa = PBXVariantGroup;
			children = (
				169CE9CE1AF4E39D00FC5EFF /* Base */,
			);
			name = Main.storyboard;
			sourceTree = "<group>";
		};
		169CE9D21AF4E39D00FC5EFF /* LaunchScreen.xib */ = {
			isa = PBXVariantGroup;
			children = (
				169CE9D31AF4E39D00FC5EFF /* Base */,
			);
			name = LaunchScreen.xib;
			sourceTree = "<group>";
		};
		169CE9EB1AF4E4E100FC5EFF /* LaunchScreen.xib */ = {
			isa = PBXVariantGroup;
			children = (
				169CE9EC1AF4E4E100FC5EFF /* Base */,
			);
			name = LaunchScreen.xib;
			sourceTree = "<group>";
		};
		169CE9ED1AF4E4E100FC5EFF /* Main.storyboard */ = {
			isa = PBXVariantGroup;
			children = (
				169CE9EE1AF4E4E100FC5EFF /* Base */,
			);
			name = Main.storyboard;
			sourceTree = "<group>";
		};
/* End PBXVariantGroup section */

/* Begin XCBuildConfiguration section */
		169CE9E11AF4E39D00FC5EFF /* Debug */ = {
			isa = XCBuildConfiguration;
			buildSettings = {
				ALWAYS_SEARCH_USER_PATHS = NO;
				CLANG_CXX_LANGUAGE_STANDARD = "gnu++0x";
				CLANG_CXX_LIBRARY = "libc++";
				CLANG_ENABLE_MODULES = YES;
				CLANG_ENABLE_OBJC_ARC = YES;
				CLANG_WARN_BOOL_CONVERSION = YES;
				CLANG_WARN_CONSTANT_CONVERSION = YES;
				CLANG_WARN_DIRECT_OBJC_ISA_USAGE = YES_ERROR;
				CLANG_WARN_EMPTY_BODY = YES;
				CLANG_WARN_ENUM_CONVERSION = YES;
				CLANG_WARN_INT_CONVERSION = YES;
				CLANG_WARN_OBJC_ROOT_CLASS = YES_ERROR;
				CLANG_WARN_UNREACHABLE_CODE = YES;
				CLANG_WARN__DUPLICATE_METHOD_MATCH = YES;
				"CODE_SIGN_IDENTITY[sdk=iphoneos*]" = "iPhone Developer";
				COPY_PHASE_STRIP = NO;
				DEBUG_INFORMATION_FORMAT = "dwarf-with-dsym";
				ENABLE_STRICT_OBJC_MSGSEND = YES;
				GCC_C_LANGUAGE_STANDARD = gnu99;
				GCC_DYNAMIC_NO_PIC = NO;
				GCC_NO_COMMON_BLOCKS = YES;
				GCC_OPTIMIZATION_LEVEL = 0;
				GCC_PREPROCESSOR_DEFINITIONS = (
					"DEBUG=1",
					"$(inherited)",
				);
				GCC_SYMBOLS_PRIVATE_EXTERN = NO;
				GCC_WARN_64_TO_32_BIT_CONVERSION = YES;
				GCC_WARN_ABOUT_RETURN_TYPE = YES_ERROR;
				GCC_WARN_UNDECLARED_SELECTOR = YES;
				GCC_WARN_UNINITIALIZED_AUTOS = YES_AGGRESSIVE;
				GCC_WARN_UNUSED_FUNCTION = YES;
				GCC_WARN_UNUSED_VARIABLE = YES;
				IPHONEOS_DEPLOYMENT_TARGET = 8.3;
				MTL_ENABLE_DEBUG_INFO = YES;
				ONLY_ACTIVE_ARCH = YES;
				SDKROOT = iphoneos;
				TARGETED_DEVICE_FAMILY = "1,2";
			};
			name = Debug;
		};
		169CE9E21AF4E39D00FC5EFF /* Release */ = {
			isa = XCBuildConfiguration;
			buildSettings = {
				ALWAYS_SEARCH_USER_PATHS = NO;
				CLANG_CXX_LANGUAGE_STANDARD = "gnu++0x";
				CLANG_CXX_LIBRARY = "libc++";
				CLANG_ENABLE_MODULES = YES;
				CLANG_ENABLE_OBJC_ARC = YES;
				CLANG_WARN_BOOL_CONVERSION = YES;
				CLANG_WARN_CONSTANT_CONVERSION = YES;
				CLANG_WARN_DIRECT_OBJC_ISA_USAGE = YES_ERROR;
				CLANG_WARN_EMPTY_BODY = YES;
				CLANG_WARN_ENUM_CONVERSION = YES;
				CLANG_WARN_INT_CONVERSION = YES;
				CLANG_WARN_OBJC_ROOT_CLASS = YES_ERROR;
				CLANG_WARN_UNREACHABLE_CODE = YES;
				CLANG_WARN__DUPLICATE_METHOD_MATCH = YES;
				"CODE_SIGN_IDENTITY[sdk=iphoneos*]" = "iPhone Developer";
				COPY_PHASE_STRIP = NO;
				DEBUG_INFORMATION_FORMAT = "dwarf-with-dsym";
				ENABLE_NS_ASSERTIONS = NO;
				ENABLE_STRICT_OBJC_MSGSEND = YES;
				GCC_C_LANGUAGE_STANDARD = gnu99;
				GCC_NO_COMMON_BLOCKS = YES;
				GCC_WARN_64_TO_32_BIT_CONVERSION = YES;
				GCC_WARN_ABOUT_RETURN_TYPE = YES_ERROR;
				GCC_WARN_UNDECLARED_SELECTOR = YES;
				GCC_WARN_UNINITIALIZED_AUTOS = YES_AGGRESSIVE;
				GCC_WARN_UNUSED_FUNCTION = YES;
				GCC_WARN_UNUSED_VARIABLE = YES;
				IPHONEOS_DEPLOYMENT_TARGET = 8.3;
				MTL_ENABLE_DEBUG_INFO = NO;
				SDKROOT = iphoneos;
				TARGETED_DEVICE_FAMILY = "1,2";
				VALIDATE_PRODUCT = YES;
			};
			name = Release;
		};
		169CE9E41AF4E39D00FC5EFF /* Debug */ = {
			isa = XCBuildConfiguration;
			buildSettings = {
				ASSETCATALOG_COMPILER_APPICON_NAME = AppIcon;
				CODE_SIGN_IDENTITY = "iPhone Developer";
				"CODE_SIGN_IDENTITY[sdk=iphoneos*]" = "iPhone Developer";
				INFOPLIST_FILE = "Toxic Tadpole/Info.plist";
				IPHONEOS_DEPLOYMENT_TARGET = 8.0;
				LD_RUNPATH_SEARCH_PATHS = "$(inherited) @executable_path/Frameworks";
				PRODUCT_NAME = "$(TARGET_NAME)";
				PROVISIONING_PROFILE = "";
			};
			name = Debug;
		};
		169CE9E51AF4E39D00FC5EFF /* Release */ = {
			isa = XCBuildConfiguration;
			buildSettings = {
				ASSETCATALOG_COMPILER_APPICON_NAME = AppIcon;
				CODE_SIGN_IDENTITY = "iPhone Developer";
				"CODE_SIGN_IDENTITY[sdk=iphoneos*]" = "iPhone Developer";
				INFOPLIST_FILE = "Toxic Tadpole/Info.plist";
				IPHONEOS_DEPLOYMENT_TARGET = 8.0;
				LD_RUNPATH_SEARCH_PATHS = "$(inherited) @executable_path/Frameworks";
				PRODUCT_NAME = "$(TARGET_NAME)";
				PROVISIONING_PROFILE = "";
			};
			name = Release;
		};
		169CE9E71AF4E39D00FC5EFF /* Debug */ = {
			isa = XCBuildConfiguration;
			buildSettings = {
				BUNDLE_LOADER = "$(TEST_HOST)";
				FRAMEWORK_SEARCH_PATHS = (
					"$(SDKROOT)/Developer/Library/Frameworks",
					"$(inherited)",
				);
				GCC_PREPROCESSOR_DEFINITIONS = (
					"DEBUG=1",
					"$(inherited)",
				);
				INFOPLIST_FILE = "Toxic TadpoleTests/Info.plist";
				LD_RUNPATH_SEARCH_PATHS = "$(inherited) @executable_path/Frameworks @loader_path/Frameworks";
				PRODUCT_NAME = "$(TARGET_NAME)";
				TEST_HOST = "$(BUILT_PRODUCTS_DIR)/Toxic Tadpole.app/Toxic Tadpole";
			};
			name = Debug;
		};
		169CE9E81AF4E39D00FC5EFF /* Release */ = {
			isa = XCBuildConfiguration;
			buildSettings = {
				BUNDLE_LOADER = "$(TEST_HOST)";
				FRAMEWORK_SEARCH_PATHS = (
					"$(SDKROOT)/Developer/Library/Frameworks",
					"$(inherited)",
				);
				INFOPLIST_FILE = "Toxic TadpoleTests/Info.plist";
				LD_RUNPATH_SEARCH_PATHS = "$(inherited) @executable_path/Frameworks @loader_path/Frameworks";
				PRODUCT_NAME = "$(TARGET_NAME)";
				TEST_HOST = "$(BUILT_PRODUCTS_DIR)/Toxic Tadpole.app/Toxic Tadpole";
			};
			name = Release;
		};
/* End XCBuildConfiguration section */

/* Begin XCConfigurationList section */
		169CE9B61AF4E39D00FC5EFF /* Build configuration list for PBXProject "Toxic Tadpole" */ = {
			isa = XCConfigurationList;
			buildConfigurations = (
				169CE9E11AF4E39D00FC5EFF /* Debug */,
				169CE9E21AF4E39D00FC5EFF /* Release */,
			);
			defaultConfigurationIsVisible = 0;
			defaultConfigurationName = Release;
		};
		169CE9E31AF4E39D00FC5EFF /* Build configuration list for PBXNativeTarget "Toxic Tadpole" */ = {
			isa = XCConfigurationList;
			buildConfigurations = (
				169CE9E41AF4E39D00FC5EFF /* Debug */,
				169CE9E51AF4E39D00FC5EFF /* Release */,
			);
			defaultConfigurationIsVisible = 0;
			defaultConfigurationName = Release;
		};
		169CE9E61AF4E39D00FC5EFF /* Build configuration list for PBXNativeTarget "Toxic TadpoleTests" */ = {
			isa = XCConfigurationList;
			buildConfigurations = (
				169CE9E71AF4E39D00FC5EFF /* Debug */,
				169CE9E81AF4E39D00FC5EFF /* Release */,
			);
			defaultConfigurationIsVisible = 0;
			defaultConfigurationName = Release;
		};
/* End XCConfigurationList section */
	};
	rootObject = 169CE9B31AF4E39D00FC5EFF /* Project object */;
}
