// !$*UTF8*$!
{
	archiveVersion = 1;
	classes = {
	};
	objectVersion = 46;
	objects = {

/* Begin PBXBuildFile section */
		169CE9C11AF4E39D00FC5EFF /* main.m in Sources */ = {isa = PBXBuildFile; fileRef = 169CE9C01AF4E39D00FC5EFF /* main.m */; };
		169CE9C41AF4E39D00FC5EFF /* AppDelegate.m in Sources */ = {isa = PBXBuildFile; fileRef = 169CE9C31AF4E39D00FC5EFF /* AppDelegate.m */; };
		169CE9C71AF4E39D00FC5EFF /* GameScene.m in Sources */ = {isa = PBXBuildFile; fileRef = 169CE9C61AF4E39D00FC5EFF /* GameScene.m */; };
		169CE9C91AF4E39D00FC5EFF /* GameScene.sks in Resources */ = {isa = PBXBuildFile; fileRef = 169CE9C81AF4E39D00FC5EFF /* GameScene.sks */; };
		169CE9CC1AF4E39D00FC5EFF /* GameViewController.m in Sources */ = {isa = PBXBuildFile; fileRef = 169CE9CB1AF4E39D00FC5EFF /* GameViewController.m */; };
		169CE9CF1AF4E39D00FC5EFF /* Main.storyboard in Resources */ = {isa = PBXBuildFile; fileRef = 169CE9CD1AF4E39D00FC5EFF /* Main.storyboard */; };
		169CE9D11AF4E39D00FC5EFF /* Images.xcassets in Resources */ = {isa = PBXBuildFile; fileRef = 169CE9D01AF4E39D00FC5EFF /* Images.xcassets */; };
		169CE9D41AF4E39D00FC5EFF /* LaunchScreen.xib in Resources */ = {isa = PBXBuildFile; fileRef = 169CE9D21AF4E39D00FC5EFF /* LaunchScreen.xib */; };
		169CE9E01AF4E39D00FC5EFF /* Toxic_TadpoleTests.m in Sources */ = {isa = PBXBuildFile; fileRef = 169CE9DF1AF4E39D00FC5EFF /* Toxic_TadpoleTests.m */; };
/* End PBXBuildFile section */

/* Begin PBXContainerItemProxy section */
		169CE9DA1AF4E39D00FC5EFF /* PBXContainerItemProxy */ = {
			isa = PBXContainerItemProxy;
			containerPortal = 169CE9B31AF4E39D00FC5EFF /* Project object */;
			proxyType = 1;
			remoteGlobalIDString = 169CE9BA1AF4E39D00FC5EFF;
			remoteInfo = "Toxic Tadpole";
		};
/* End PBXContainerItemProxy section */

/* Begin PBXFileReference section */
		169CE9BB1AF4E39D00FC5EFF /* Toxic Tadpole.app */ = {isa = PBXFileReference; explicitFileType = wrapper.application; includeInIndex = 0; path = "Toxic Tadpole.app"; sourceTree = BUILT_PRODUCTS_DIR; };
		169CE9BF1AF4E39D00FC5EFF /* Info.plist */ = {isa = PBXFileReference; lastKnownFileType = text.plist.xml; path = Info.plist; sourceTree = "<group>"; };
		169CE9C01AF4E39D00FC5EFF /* main.m */ = {isa = PBXFileReference; lastKnownFileType = sourcecode.c.objc; path = main.m; sourceTree = "<group>"; };
		169CE9C21AF4E39D00FC5EFF /* AppDelegate.h */ = {isa = PBXFileReference; lastKnownFileType = sourcecode.c.h; path = AppDelegate.h; sourceTree = "<group>"; };
		169CE9C31AF4E39D00FC5EFF /* AppDelegate.m */ = {isa = PBXFileReference; lastKnownFileType = sourcecode.c.objc; path = AppDelegate.m; sourceTree = "<group>"; };
		169CE9C51AF4E39D00FC5EFF /* GameScene.h */ = {isa = PBXFileReference; lastKnownFileType = sourcecode.c.h; path = GameScene.h; sourceTree = "<group>"; };
		169CE9C61AF4E39D00FC5EFF /* GameScene.m */ = {isa = PBXFileReference; lastKnownFileType = sourcecode.c.objc; path = GameScene.m; sourceTree = "<group>"; };
		169CE9C81AF4E39D00FC5EFF /* GameScene.sks */ = {isa = PBXFileReference; lastKnownFileType = file.sks; path = GameScene.sks; sourceTree = "<group>"; };
		169CE9CA1AF4E39D00FC5EFF /* GameViewController.h */ = {isa = PBXFileReference; lastKnownFileType = sourcecode.c.h; path = GameViewController.h; sourceTree = "<group>"; };
		169CE9CB1AF4E39D00FC5EFF /* GameViewController.m */ = {isa = PBXFileReference; lastKnownFileType = sourcecode.c.objc; path = GameViewController.m; sourceTree = "<group>"; };
		169CE9CE1AF4E39D00FC5EFF /* Base */ = {isa = PBXFileReference; lastKnownFileType = file.storyboard; name = Base; path = Base.lproj/Main.storyboard; sourceTree = "<group>"; };
		169CE9D01AF4E39D00FC5EFF /* Images.xcassets */ = {isa = PBXFileReference; lastKnownFileType = folder.assetcatalog; path = Images.xcassets; sourceTree = "<group>"; };
		169CE9D31AF4E39D00FC5EFF /* Base */ = {isa = PBXFileReference; lastKnownFileType = file.xib; name = Base; path = Base.lproj/LaunchScreen.xib; sourceTree = "<group>"; };
		169CE9D91AF4E39D00FC5EFF /* Toxic TadpoleTests.xctest */ = {isa = PBXFileReference; explicitFileType = wrapper.cfbundle; includeInIndex = 0; path = "Toxic TadpoleTests.xctest"; sourceTree = BUILT_PRODUCTS_DIR; };
		169CE9DE1AF4E39D00FC5EFF /* Info.plist */ = {isa = PBXFileReference; lastKnownFileType = text.plist.xml; path = Info.plist; sourceTree = "<group>"; };
		169CE9DF1AF4E39D00FC5EFF /* Toxic_TadpoleTests.m */ = {isa = PBXFileReference; lastKnownFileType = sourcecode.c.objc; path = Toxic_TadpoleTests.m; sourceTree = "<group>"; };
/* End PBXFileReference section */

/* Begin PBXFrameworksBuildPhase section */
		169CE9B81AF4E39D00FC5EFF /* Frameworks */ = {
			isa = PBXFrameworksBuildPhase;
			buildActionMask = 2147483647;
			files = (
			);
			runOnlyForDeploymentPostprocessing = 0;
		};
		169CE9D61AF4E39D00FC5EFF /* Frameworks */ = {
			isa = PBXFrameworksBuildPhase;
			buildActionMask = 2147483647;
			files = (
			);
			runOnlyForDeploymentPostprocessing = 0;
		};
/* End PBXFrameworksBuildPhase section */

/* Begin PBXGroup section */
		169CE9B21AF4E39D00FC5EFF = {
			isa = PBXGroup;
			children = (
				169CE9BD1AF4E39D00FC5EFF /* Toxic Tadpole */,
				169CE9DC1AF4E39D00FC5EFF /* Toxic TadpoleTests */,
				169CE9BC1AF4E39D00FC5EFF /* Products */,
			);
			sourceTree = "<group>";
		};
		169CE9BC1AF4E39D00FC5EFF /* Products */ = {
			isa = PBXGroup;
			children = (
				169CE9BB1AF4E39D00FC5EFF /* Toxic Tadpole.app */,
				169CE9D91AF4E39D00FC5EFF /* Toxic TadpoleTests.xctest */,
			);
			name = Products;
			sourceTree = "<group>";
		};
		169CE9BD1AF4E39D00FC5EFF /* Toxic Tadpole */ = {
			isa = PBXGroup;
			children = (
				169CE9C21AF4E39D00FC5EFF /* AppDelegate.h */,
				169CE9C31AF4E39D00FC5EFF /* AppDelegate.m */,
				169CE9C51AF4E39D00FC5EFF /* GameScene.h */,
				169CE9C61AF4E39D00FC5EFF /* GameScene.m */,
				169CE9C81AF4E39D00FC5EFF /* GameScene.sks */,
				169CE9CA1AF4E39D00FC5EFF /* GameViewController.h */,
				169CE9CB1AF4E39D00FC5EFF /* GameViewController.m */,
				169CE9CD1AF4E39D00FC5EFF /* Main.storyboard */,
				169CE9D01AF4E39D00FC5EFF /* Images.xcassets */,
				169CE9D21AF4E39D00FC5EFF /* LaunchScreen.xib */,
				169CE9BE1AF4E39D00FC5EFF /* Supporting Files */,
			);
			path = "Toxic Tadpole";
			sourceTree = "<group>";
		};
		169CE9BE1AF4E39D00FC5EFF /* Supporting Files */ = {
			isa = PBXGroup;
			children = (
				169CE9BF1AF4E39D00FC5EFF /* Info.plist */,
				169CE9C01AF4E39D00FC5EFF /* main.m */,
			);
			name = "Supporting Files";
			sourceTree = "<group>";
		};
		169CE9DC1AF4E39D00FC5EFF /* Toxic TadpoleTests */ = {
			isa = PBXGroup;
			children = (
				169CE9DF1AF4E39D00FC5EFF /* Toxic_TadpoleTests.m */,
				169CE9DD1AF4E39D00FC5EFF /* Supporting Files */,
			);
			path = "Toxic TadpoleTests";
			sourceTree = "<group>";
		};
		169CE9DD1AF4E39D00FC5EFF /* Supporting Files */ = {
			isa = PBXGroup;
			children = (
				169CE9DE1AF4E39D00FC5EFF /* Info.plist */,
			);
			name = "Supporting Files";
			sourceTree = "<group>";
		};
/* End PBXGroup section */

/* Begin PBXNativeTarget section */
		169CE9BA1AF4E39D00FC5EFF /* Toxic Tadpole */ = {
			isa = PBXNativeTarget;
			buildConfigurationList = 169CE9E31AF4E39D00FC5EFF /* Build configuration list for PBXNativeTarget "Toxic Tadpole" */;
			buildPhases = (
				169CE9B71AF4E39D00FC5EFF /* Sources */,
				169CE9B81AF4E39D00FC5EFF /* Frameworks */,
				169CE9B91AF4E39D00FC5EFF /* Resources */,
			);
			buildRules = (
			);
			dependencies = (
			);
			name = "Toxic Tadpole";
			productName = "Toxic Tadpole";
			productReference = 169CE9BB1AF4E39D00FC5EFF /* Toxic Tadpole.app */;
			productType = "com.apple.product-type.application";
		};
		169CE9D81AF4E39D00FC5EFF /* Toxic TadpoleTests */ = {
			isa = PBXNativeTarget;
			buildConfigurationList = 169CE9E61AF4E39D00FC5EFF /* Build configuration list for PBXNativeTarget "Toxic TadpoleTests" */;
			buildPhases = (
				169CE9D51AF4E39D00FC5EFF /* Sources */,
				169CE9D61AF4E39D00FC5EFF /* Frameworks */,
				169CE9D71AF4E39D00FC5EFF /* Resources */,
			);
			buildRules = (
			);
			dependencies = (
				169CE9DB1AF4E39D00FC5EFF /* PBXTargetDependency */,
			);
			name = "Toxic TadpoleTests";
			productName = "Toxic TadpoleTests";
			productReference = 169CE9D91AF4E39D00FC5EFF /* Toxic TadpoleTests.xctest */;
			productType = "com.apple.product-type.bundle.unit-test";
		};
/* End PBXNativeTarget section */

/* Begin PBXProject section */
		169CE9B31AF4E39D00FC5EFF /* Project object */ = {
			isa = PBXProject;
			attributes = {
				LastUpgradeCheck = 0630;
				ORGANIZATIONNAME = "Jacob Selmes";
				TargetAttributes = {
					169CE9BA1AF4E39D00FC5EFF = {
						CreatedOnToolsVersion = 6.3;
					};
					169CE9D81AF4E39D00FC5EFF = {
						CreatedOnToolsVersion = 6.3;
						TestTargetID = 169CE9BA1AF4E39D00FC5EFF;
					};
				};
			};
			buildConfigurationList = 169CE9B61AF4E39D00FC5EFF /* Build configuration list for PBXProject "Toxic Tadpole" */;
			compatibilityVersion = "Xcode 3.2";
			developmentRegion = English;
			hasScannedForEncodings = 0;
			knownRegions = (
				en,
				Base,
			);
			mainGroup = 169CE9B21AF4E39D00FC5EFF;
			productRefGroup = 169CE9BC1AF4E39D00FC5EFF /* Products */;
			projectDirPath = "";
			projectRoot = "";
			targets = (
				169CE9BA1AF4E39D00FC5EFF /* Toxic Tadpole */,
				169CE9D81AF4E39D00FC5EFF /* Toxic TadpoleTests */,
			);
		};
/* End PBXProject section */

/* Begin PBXResourcesBuildPhase section */
		169CE9B91AF4E39D00FC5EFF /* Resources */ = {
			isa = PBXResourcesBuildPhase;
			buildActionMask = 2147483647;
			files = (
				169CE9D41AF4E39D00FC5EFF /* LaunchScreen.xib in Resources */,
				169CE9D11AF4E39D00FC5EFF /* Images.xcassets in Resources */,
				169CE9C91AF4E39D00FC5EFF /* GameScene.sks in Resources */,
				169CE9CF1AF4E39D00FC5EFF /* Main.storyboard in Resources */,
			);
			runOnlyForDeploymentPostprocessing = 0;
		};
		169CE9D71AF4E39D00FC5EFF /* Resources */ = {
			isa = PBXResourcesBuildPhase;
			buildActionMask = 2147483647;
			files = (
			);
			runOnlyForDeploymentPostprocessing = 0;
		};
/* End PBXResourcesBuildPhase section */

/* Begin PBXSourcesBuildPhase section */
		169CE9B71AF4E39D00FC5EFF /* Sources */ = {
			isa = PBXSourcesBuildPhase;
			buildActionMask = 2147483647;
			files = (
				169CE9CC1AF4E39D00FC5EFF /* GameViewController.m in Sources */,
				169CE9C41AF4E39D00FC5EFF /* AppDelegate.m in Sources */,
				169CE9C71AF4E39D00FC5EFF /* GameScene.m in Sources */,
				169CE9C11AF4E39D00FC5EFF /* main.m in Sources */,
			);
			runOnlyForDeploymentPostprocessing = 0;
		};
		169CE9D51AF4E39D00FC5EFF /* Sources */ = {
			isa = PBXSourcesBuildPhase;
			buildActionMask = 2147483647;
			files = (
				169CE9E01AF4E39D00FC5EFF /* Toxic_TadpoleTests.m in Sources */,
			);
			runOnlyForDeploymentPostprocessing = 0;
		};
/* End PBXSourcesBuildPhase section */

/* Begin PBXTargetDependency section */
		169CE9DB1AF4E39D00FC5EFF /* PBXTargetDependency */ = {
			isa = PBXTargetDependency;
			target = 169CE9BA1AF4E39D00FC5EFF /* Toxic Tadpole */;
			targetProxy = 169CE9DA1AF4E39D00FC5EFF /* PBXContainerItemProxy */;
		};
/* End PBXTargetDependency section */

/* Begin PBXVariantGroup section */
		169CE9CD1AF4E39D00FC5EFF /* Main.storyboard */ = {
			isa = PBXVariantGroup;
			children = (
				169CE9CE1AF4E39D00FC5EFF /* Base */,
			);
			name = Main.storyboard;
			sourceTree = "<group>";
		};
		169CE9D21AF4E39D00FC5EFF /* LaunchScreen.xib */ = {
			isa = PBXVariantGroup;
			children = (
				169CE9D31AF4E39D00FC5EFF /* Base */,
			);
			name = LaunchScreen.xib;
			sourceTree = "<group>";
		};
/* End PBXVariantGroup section */

/* Begin XCBuildConfiguration section */
		169CE9E11AF4E39D00FC5EFF /* Debug */ = {
			isa = XCBuildConfiguration;
			buildSettings = {
				ALWAYS_SEARCH_USER_PATHS = NO;
				CLANG_CXX_LANGUAGE_STANDARD = "gnu++0x";
				CLANG_CXX_LIBRARY = "libc++";
				CLANG_ENABLE_MODULES = YES;
				CLANG_ENABLE_OBJC_ARC = YES;
				CLANG_WARN_BOOL_CONVERSION = YES;
				CLANG_WARN_CONSTANT_CONVERSION = YES;
				CLANG_WARN_DIRECT_OBJC_ISA_USAGE = YES_ERROR;
				CLANG_WARN_EMPTY_BODY = YES;
				CLANG_WARN_ENUM_CONVERSION = YES;
				CLANG_WARN_INT_CONVERSION = YES;
				CLANG_WARN_OBJC_ROOT_CLASS = YES_ERROR;
				CLANG_WARN_UNREACHABLE_CODE = YES;
				CLANG_WARN__DUPLICATE_METHOD_MATCH = YES;
				"CODE_SIGN_IDENTITY[sdk=iphoneos*]" = "iPhone Developer";
				COPY_PHASE_STRIP = NO;
				DEBUG_INFORMATION_FORMAT = "dwarf-with-dsym";
				ENABLE_STRICT_OBJC_MSGSEND = YES;
				GCC_C_LANGUAGE_STANDARD = gnu99;
				GCC_DYNAMIC_NO_PIC = NO;
				GCC_NO_COMMON_BLOCKS = YES;
				GCC_OPTIMIZATION_LEVEL = 0;
				GCC_PREPROCESSOR_DEFINITIONS = (
					"DEBUG=1",
					"$(inherited)",
				);
				GCC_SYMBOLS_PRIVATE_EXTERN = NO;
				GCC_WARN_64_TO_32_BIT_CONVERSION = YES;
				GCC_WARN_ABOUT_RETURN_TYPE = YES_ERROR;
				GCC_WARN_UNDECLARED_SELECTOR = YES;
				GCC_WARN_UNINITIALIZED_AUTOS = YES_AGGRESSIVE;
				GCC_WARN_UNUSED_FUNCTION = YES;
				GCC_WARN_UNUSED_VARIABLE = YES;
				IPHONEOS_DEPLOYMENT_TARGET = 8.3;
				MTL_ENABLE_DEBUG_INFO = YES;
				ONLY_ACTIVE_ARCH = YES;
				SDKROOT = iphoneos;
				TARGETED_DEVICE_FAMILY = "1,2";
			};
			name = Debug;
		};
		169CE9E21AF4E39D00FC5EFF /* Release */ = {
			isa = XCBuildConfiguration;
			buildSettings = {
				ALWAYS_SEARCH_USER_PATHS = NO;
				CLANG_CXX_LANGUAGE_STANDARD = "gnu++0x";
				CLANG_CXX_LIBRARY = "libc++";
				CLANG_ENABLE_MODULES = YES;
				CLANG_ENABLE_OBJC_ARC = YES;
				CLANG_WARN_BOOL_CONVERSION = YES;
				CLANG_WARN_CONSTANT_CONVERSION = YES;
				CLANG_WARN_DIRECT_OBJC_ISA_USAGE = YES_ERROR;
				CLANG_WARN_EMPTY_BODY = YES;
				CLANG_WARN_ENUM_CONVERSION = YES;
				CLANG_WARN_INT_CONVERSION = YES;
				CLANG_WARN_OBJC_ROOT_CLASS = YES_ERROR;
				CLANG_WARN_UNREACHABLE_CODE = YES;
				CLANG_WARN__DUPLICATE_METHOD_MATCH = YES;
				"CODE_SIGN_IDENTITY[sdk=iphoneos*]" = "iPhone Developer";
				COPY_PHASE_STRIP = NO;
				DEBUG_INFORMATION_FORMAT = "dwarf-with-dsym";
				ENABLE_NS_ASSERTIONS = NO;
				ENABLE_STRICT_OBJC_MSGSEND = YES;
				GCC_C_LANGUAGE_STANDARD = gnu99;
				GCC_NO_COMMON_BLOCKS = YES;
				GCC_WARN_64_TO_32_BIT_CONVERSION = YES;
				GCC_WARN_ABOUT_RETURN_TYPE = YES_ERROR;
				GCC_WARN_UNDECLARED_SELECTOR = YES;
				GCC_WARN_UNINITIALIZED_AUTOS = YES_AGGRESSIVE;
				GCC_WARN_UNUSED_FUNCTION = YES;
				GCC_WARN_UNUSED_VARIABLE = YES;
				IPHONEOS_DEPLOYMENT_TARGET = 8.3;
				MTL_ENABLE_DEBUG_INFO = NO;
				SDKROOT = iphoneos;
				TARGETED_DEVICE_FAMILY = "1,2";
				VALIDATE_PRODUCT = YES;
			};
			name = Release;
		};
		169CE9E41AF4E39D00FC5EFF /* Debug */ = {
			isa = XCBuildConfiguration;
			buildSettings = {
				ASSETCATALOG_COMPILER_APPICON_NAME = AppIcon;
				INFOPLIST_FILE = "Toxic Tadpole/Info.plist";
				LD_RUNPATH_SEARCH_PATHS = "$(inherited) @executable_path/Frameworks";
				PRODUCT_NAME = "$(TARGET_NAME)";
			};
			name = Debug;
		};
		169CE9E51AF4E39D00FC5EFF /* Release */ = {
			isa = XCBuildConfiguration;
			buildSettings = {
				ASSETCATALOG_COMPILER_APPICON_NAME = AppIcon;
				INFOPLIST_FILE = "Toxic Tadpole/Info.plist";
				LD_RUNPATH_SEARCH_PATHS = "$(inherited) @executable_path/Frameworks";
				PRODUCT_NAME = "$(TARGET_NAME)";
			};
			name = Release;
		};
		169CE9E71AF4E39D00FC5EFF /* Debug */ = {
			isa = XCBuildConfiguration;
			buildSettings = {
				BUNDLE_LOADER = "$(TEST_HOST)";
				FRAMEWORK_SEARCH_PATHS = (
					"$(SDKROOT)/Developer/Library/Frameworks",
					"$(inherited)",
				);
				GCC_PREPROCESSOR_DEFINITIONS = (
					"DEBUG=1",
					"$(inherited)",
				);
				INFOPLIST_FILE = "Toxic TadpoleTests/Info.plist";
				LD_RUNPATH_SEARCH_PATHS = "$(inherited) @executable_path/Frameworks @loader_path/Frameworks";
				PRODUCT_NAME = "$(TARGET_NAME)";
				TEST_HOST = "$(BUILT_PRODUCTS_DIR)/Toxic Tadpole.app/Toxic Tadpole";
			};
			name = Debug;
		};
		169CE9E81AF4E39D00FC5EFF /* Release */ = {
			isa = XCBuildConfiguration;
			buildSettings = {
				BUNDLE_LOADER = "$(TEST_HOST)";
				FRAMEWORK_SEARCH_PATHS = (
					"$(SDKROOT)/Developer/Library/Frameworks",
					"$(inherited)",
				);
				INFOPLIST_FILE = "Toxic TadpoleTests/Info.plist";
				LD_RUNPATH_SEARCH_PATHS = "$(inherited) @executable_path/Frameworks @loader_path/Frameworks";
				PRODUCT_NAME = "$(TARGET_NAME)";
				TEST_HOST = "$(BUILT_PRODUCTS_DIR)/Toxic Tadpole.app/Toxic Tadpole";
			};
			name = Release;
		};
/* End XCBuildConfiguration section */

/* Begin XCConfigurationList section */
		169CE9B61AF4E39D00FC5EFF /* Build configuration list for PBXProject "Toxic Tadpole" */ = {
			isa = XCConfigurationList;
			buildConfigurations = (
				169CE9E11AF4E39D00FC5EFF /* Debug */,
				169CE9E21AF4E39D00FC5EFF /* Release */,
			);
			defaultConfigurationIsVisible = 0;
			defaultConfigurationName = Release;
		};
		169CE9E31AF4E39D00FC5EFF /* Build configuration list for PBXNativeTarget "Toxic Tadpole" */ = {
			isa = XCConfigurationList;
			buildConfigurations = (
				169CE9E41AF4E39D00FC5EFF /* Debug */,
				169CE9E51AF4E39D00FC5EFF /* Release */,
			);
			defaultConfigurationIsVisible = 0;
		};
		169CE9E61AF4E39D00FC5EFF /* Build configuration list for PBXNativeTarget "Toxic TadpoleTests" */ = {
			isa = XCConfigurationList;
			buildConfigurations = (
				169CE9E71AF4E39D00FC5EFF /* Debug */,
				169CE9E81AF4E39D00FC5EFF /* Release */,
			);
			defaultConfigurationIsVisible = 0;
		};
/* End XCConfigurationList section */
	};
	rootObject = 169CE9B31AF4E39D00FC5EFF /* Project object */;
}
